{
  "version": 4,
  "terraform_version": "1.9.2",
  "serial": 6,
  "lineage": "f42bcc0e-94b7-fde7-0832-b6b6143a1b45",
  "outputs": {
    "rt-id": {
      "value": "rtb-058efb90462ca6990",
      "type": "string"
    },
    "vpc-id": {
      "value": "vpc-054e3f9837e26d77a",
      "type": "string"
    }
  },
  "resources": [
    {
      "mode": "managed",
      "type": "aws_vpc",
      "name": "main",
      "provider": "provider[\"registry.terraform.io/hashicorp/aws\"]",
      "instances": [
        {
          "schema_version": 1,
          "attributes": {
            "arn": "arn:aws:ec2:us-east-1:014498623516:vpc/vpc-054e3f9837e26d77a",
            "assign_generated_ipv6_cidr_block": false,
            "cidr_block": "10.20.0.0/16",
            "default_network_acl_id": "acl-018bba7a95ac2c5d2",
            "default_route_table_id": "rtb-058efb90462ca6990",
            "default_security_group_id": "sg-0485dca11196b0db5",
            "dhcp_options_id": "dopt-020f1f95f9ba3cc67",
            "enable_dns_hostnames": false,
            "enable_dns_support": true,
            "enable_network_address_usage_metrics": false,
            "id": "vpc-054e3f9837e26d77a",
            "instance_tenancy": "default",
            "ipv4_ipam_pool_id": null,
            "ipv4_netmask_length": null,
            "ipv6_association_id": "",
            "ipv6_cidr_block": "",
            "ipv6_cidr_block_network_border_group": "",
            "ipv6_ipam_pool_id": "",
            "ipv6_netmask_length": 0,
            "main_route_table_id": "rtb-058efb90462ca6990",
            "owner_id": "014498623516",
            "tags": {
              "dep": "hr",
              "name": "vpc1",
              "owner": "vishwa"
            },
            "tags_all": {
              "dep": "hr",
              "name": "vpc1",
              "owner": "vishwa"
            }
          },
          "sensitive_attributes": [],
          "private": "eyJzY2hlbWFfdmVyc2lvbiI6IjEifQ=="
        }
      ]
    }
  ],
  "check_results": null
}
