{
  "version": 4,
  "terraform_version": "1.9.2",
  "serial": 9,
  "lineage": "f42bcc0e-94b7-fde7-0832-b6b6143a1b45",
  "outputs": {
    "rt-id": {
      "value": "rtb-00bd6daf8e5e5fde2",
      "type": "string"
    },
    "vpc-id": {
      "value": "vpc-01310d7f977e7ee49",
      "type": "string"
    }
  },
  "resources": [
    {
      "mode": "managed",
      "type": "aws_vpc",
      "name": "vpc_c1",
      "provider": "provider[\"registry.terraform.io/hashicorp/aws\"]",
      "instances": [
        {
          "schema_version": 1,
          "attributes": {
            "arn": "arn:aws:ec2:us-east-1:014498623516:vpc/vpc-01310d7f977e7ee49",
            "assign_generated_ipv6_cidr_block": false,
            "cidr_block": "10.20.0.0/16",
            "default_network_acl_id": "acl-08aa263b4f538fd92",
            "default_route_table_id": "rtb-00bd6daf8e5e5fde2",
            "default_security_group_id": "sg-05d682b99d9008d9c",
            "dhcp_options_id": "dopt-020f1f95f9ba3cc67",
            "enable_dns_hostnames": false,
            "enable_dns_support": true,
            "enable_network_address_usage_metrics": false,
            "id": "vpc-01310d7f977e7ee49",
            "instance_tenancy": "default",
            "ipv4_ipam_pool_id": null,
            "ipv4_netmask_length": null,
            "ipv6_association_id": "",
            "ipv6_cidr_block": "",
            "ipv6_cidr_block_network_border_group": "",
            "ipv6_ipam_pool_id": "",
            "ipv6_netmask_length": 0,
            "main_route_table_id": "rtb-00bd6daf8e5e5fde2",
            "owner_id": "014498623516",
            "tags": {
              "Name": "vpc1",
              "dep": "hr",
              "owner": "vishwa"
            },
            "tags_all": {
              "Name": "vpc1",
              "dep": "hr",
              "owner": "vishwa"
            }
          },
          "sensitive_attributes": [],
          "private": "eyJzY2hlbWFfdmVyc2lvbiI6IjEifQ=="
        }
      ]
    }
  ],
  "check_results": null
}
