{
  "version": 4,
  "terraform_version": "1.9.2",
  "serial": 21,
  "lineage": "b58c40bd-f3ee-d826-e379-c2e0852101bb",
  "outputs": {},
  "resources": [
    {
      "mode": "managed",
      "type": "aws_subnet",
      "name": "Subnets",
      "provider": "provider[\"registry.terraform.io/hashicorp/aws\"].dev",
      "instances": [
        {
          "index_key": 0,
          "schema_version": 1,
          "attributes": {
            "arn": "arn:aws:ec2:us-west-1:014498623516:subnet/subnet-0f4a583ce8532a0dd",
            "assign_ipv6_address_on_creation": false,
            "availability_zone": "us-west-1c",
            "availability_zone_id": "usw1-az1",
            "cidr_block": "192.168.0.0/24",
            "customer_owned_ipv4_pool": "",
            "enable_dns64": false,
            "enable_lni_at_device_index": 0,
            "enable_resource_name_dns_a_record_on_launch": false,
            "enable_resource_name_dns_aaaa_record_on_launch": false,
            "id": "subnet-0f4a583ce8532a0dd",
            "ipv6_cidr_block": "",
            "ipv6_cidr_block_association_id": "",
            "ipv6_native": false,
            "map_customer_owned_ip_on_launch": false,
            "map_public_ip_on_launch": false,
            "outpost_arn": "",
            "owner_id": "014498623516",
            "private_dns_hostname_type_on_launch": "ip-name",
            "tags": {
              "Name": "sub1",
              "env": "dev"
            },
            "tags_all": {
              "Name": "sub1",
              "env": "dev"
            },
            "timeouts": null,
            "vpc_id": "vpc-082de3f4e69960f1e"
          },
          "sensitive_attributes": [],
          "private": "eyJlMmJmYjczMC1lY2FhLTExZTYtOGY4OC0zNDM2M2JjN2M0YzAiOnsiY3JlYXRlIjo2MDAwMDAwMDAwMDAsImRlbGV0ZSI6MTIwMDAwMDAwMDAwMH0sInNjaGVtYV92ZXJzaW9uIjoiMSJ9",
          "dependencies": [
            "aws_vpc.main_dev"
          ]
        },
        {
          "index_key": 1,
          "schema_version": 1,
          "attributes": {
            "arn": "arn:aws:ec2:us-west-1:014498623516:subnet/subnet-0f39a71890c6d353c",
            "assign_ipv6_address_on_creation": false,
            "availability_zone": "us-west-1c",
            "availability_zone_id": "usw1-az1",
            "cidr_block": "192.168.1.0/24",
            "customer_owned_ipv4_pool": "",
            "enable_dns64": false,
            "enable_lni_at_device_index": 0,
            "enable_resource_name_dns_a_record_on_launch": false,
            "enable_resource_name_dns_aaaa_record_on_launch": false,
            "id": "subnet-0f39a71890c6d353c",
            "ipv6_cidr_block": "",
            "ipv6_cidr_block_association_id": "",
            "ipv6_native": false,
            "map_customer_owned_ip_on_launch": false,
            "map_public_ip_on_launch": false,
            "outpost_arn": "",
            "owner_id": "014498623516",
            "private_dns_hostname_type_on_launch": "ip-name",
            "tags": {
              "Name": "sub2",
              "env": "dev"
            },
            "tags_all": {
              "Name": "sub2",
              "env": "dev"
            },
            "timeouts": null,
            "vpc_id": "vpc-082de3f4e69960f1e"
          },
          "sensitive_attributes": [],
          "private": "eyJlMmJmYjczMC1lY2FhLTExZTYtOGY4OC0zNDM2M2JjN2M0YzAiOnsiY3JlYXRlIjo2MDAwMDAwMDAwMDAsImRlbGV0ZSI6MTIwMDAwMDAwMDAwMH0sInNjaGVtYV92ZXJzaW9uIjoiMSJ9",
          "dependencies": [
            "aws_vpc.main_dev"
          ]
        },
        {
          "index_key": 2,
          "schema_version": 1,
          "attributes": {
            "arn": "arn:aws:ec2:us-west-1:014498623516:subnet/subnet-09eee13a10fa3ab81",
            "assign_ipv6_address_on_creation": false,
            "availability_zone": "us-west-1b",
            "availability_zone_id": "usw1-az3",
            "cidr_block": "192.168.2.0/24",
            "customer_owned_ipv4_pool": "",
            "enable_dns64": false,
            "enable_lni_at_device_index": 0,
            "enable_resource_name_dns_a_record_on_launch": false,
            "enable_resource_name_dns_aaaa_record_on_launch": false,
            "id": "subnet-09eee13a10fa3ab81",
            "ipv6_cidr_block": "",
            "ipv6_cidr_block_association_id": "",
            "ipv6_native": false,
            "map_customer_owned_ip_on_launch": false,
            "map_public_ip_on_launch": false,
            "outpost_arn": "",
            "owner_id": "014498623516",
            "private_dns_hostname_type_on_launch": "ip-name",
            "tags": {
              "Name": "sub3",
              "env": "dev"
            },
            "tags_all": {
              "Name": "sub3",
              "env": "dev"
            },
            "timeouts": null,
            "vpc_id": "vpc-082de3f4e69960f1e"
          },
          "sensitive_attributes": [],
          "private": "eyJlMmJmYjczMC1lY2FhLTExZTYtOGY4OC0zNDM2M2JjN2M0YzAiOnsiY3JlYXRlIjo2MDAwMDAwMDAwMDAsImRlbGV0ZSI6MTIwMDAwMDAwMDAwMH0sInNjaGVtYV92ZXJzaW9uIjoiMSJ9",
          "dependencies": [
            "aws_vpc.main_dev"
          ]
        },
        {
          "index_key": 3,
          "schema_version": 1,
          "attributes": {
            "arn": "arn:aws:ec2:us-west-1:014498623516:subnet/subnet-03033323fd38e35af",
            "assign_ipv6_address_on_creation": false,
            "availability_zone": "us-west-1c",
            "availability_zone_id": "usw1-az1",
            "cidr_block": "192.168.3.0/24",
            "customer_owned_ipv4_pool": "",
            "enable_dns64": false,
            "enable_lni_at_device_index": 0,
            "enable_resource_name_dns_a_record_on_launch": false,
            "enable_resource_name_dns_aaaa_record_on_launch": false,
            "id": "subnet-03033323fd38e35af",
            "ipv6_cidr_block": "",
            "ipv6_cidr_block_association_id": "",
            "ipv6_native": false,
            "map_customer_owned_ip_on_launch": false,
            "map_public_ip_on_launch": false,
            "outpost_arn": "",
            "owner_id": "014498623516",
            "private_dns_hostname_type_on_launch": "ip-name",
            "tags": {
              "Name": "sub4",
              "env": "dev"
            },
            "tags_all": {
              "Name": "sub4",
              "env": "dev"
            },
            "timeouts": null,
            "vpc_id": "vpc-082de3f4e69960f1e"
          },
          "sensitive_attributes": [],
          "private": "eyJlMmJmYjczMC1lY2FhLTExZTYtOGY4OC0zNDM2M2JjN2M0YzAiOnsiY3JlYXRlIjo2MDAwMDAwMDAwMDAsImRlbGV0ZSI6MTIwMDAwMDAwMDAwMH0sInNjaGVtYV92ZXJzaW9uIjoiMSJ9",
          "dependencies": [
            "aws_vpc.main_dev"
          ]
        }
      ]
    },
    {
      "mode": "managed",
      "type": "aws_vpc",
      "name": "main_dev",
      "provider": "provider[\"registry.terraform.io/hashicorp/aws\"].dev",
      "instances": [
        {
          "schema_version": 1,
          "attributes": {
            "arn": "arn:aws:ec2:us-west-1:014498623516:vpc/vpc-082de3f4e69960f1e",
            "assign_generated_ipv6_cidr_block": false,
            "cidr_block": "192.168.0.0/20",
            "default_network_acl_id": "acl-031a8a4021c2912cc",
            "default_route_table_id": "rtb-071f93a0b77ded7aa",
            "default_security_group_id": "sg-0b5e9124d1b612d4d",
            "dhcp_options_id": "dopt-0a41f0a106d653850",
            "enable_dns_hostnames": false,
            "enable_dns_support": true,
            "enable_network_address_usage_metrics": false,
            "id": "vpc-082de3f4e69960f1e",
            "instance_tenancy": "default",
            "ipv4_ipam_pool_id": null,
            "ipv4_netmask_length": null,
            "ipv6_association_id": "",
            "ipv6_cidr_block": "",
            "ipv6_cidr_block_network_border_group": "",
            "ipv6_ipam_pool_id": "",
            "ipv6_netmask_length": 0,
            "main_route_table_id": "rtb-071f93a0b77ded7aa",
            "owner_id": "014498623516",
            "tags": {
              "Name": "vpc_dev",
              "dep": "hr",
              "env": "dev",
              "owner": "vishwa"
            },
            "tags_all": {
              "Name": "vpc_dev",
              "dep": "hr",
              "env": "dev",
              "owner": "vishwa"
            }
          },
          "sensitive_attributes": [],
          "private": "eyJzY2hlbWFfdmVyc2lvbiI6IjEifQ=="
        }
      ]
    },
    {
      "mode": "managed",
      "type": "aws_vpc",
      "name": "main_dev1",
      "provider": "provider[\"registry.terraform.io/hashicorp/aws\"].dev",
      "instances": [
        {
          "schema_version": 1,
          "attributes": {
            "arn": "arn:aws:ec2:us-west-1:014498623516:vpc/vpc-0057c47b013fa26ae",
            "assign_generated_ipv6_cidr_block": false,
            "cidr_block": "192.168.0.0/20",
            "default_network_acl_id": "acl-0ea5081f2b8686468",
            "default_route_table_id": "rtb-0dc7922006c4ae2b2",
            "default_security_group_id": "sg-070cf4234fb1a1af2",
            "dhcp_options_id": "dopt-0a41f0a106d653850",
            "enable_dns_hostnames": false,
            "enable_dns_support": true,
            "enable_network_address_usage_metrics": false,
            "id": "vpc-0057c47b013fa26ae",
            "instance_tenancy": "default",
            "ipv4_ipam_pool_id": null,
            "ipv4_netmask_length": null,
            "ipv6_association_id": "",
            "ipv6_cidr_block": "",
            "ipv6_cidr_block_network_border_group": "",
            "ipv6_ipam_pool_id": "",
            "ipv6_netmask_length": 0,
            "main_route_table_id": "rtb-0dc7922006c4ae2b2",
            "owner_id": "014498623516",
            "tags": {
              "Name": "vpc-2",
              "dep": "hr",
              "env": "dev",
              "owner": "vishwa"
            },
            "tags_all": {
              "Name": "vpc-2",
              "dep": "hr",
              "env": "dev",
              "owner": "vishwa"
            }
          },
          "sensitive_attributes": [],
          "private": "eyJzY2hlbWFfdmVyc2lvbiI6IjEifQ=="
        }
      ]
    }
  ],
  "check_results": [
    {
      "object_kind": "var",
      "config_addr": "var.location",
      "status": "pass",
      "objects": [
        {
          "object_addr": "var.location",
          "status": "pass"
        }
      ]
    },
    {
      "object_kind": "var",
      "config_addr": "var.env",
      "status": "pass",
      "objects": [
        {
          "object_addr": "var.env",
          "status": "pass"
        }
      ]
    }
  ]
}
