{
  "version": 4,
  "terraform_version": "1.9.2",
  "serial": 1,
  "lineage": "ccb5dea7-346e-696f-5698-f15fc8567114",
  "outputs": {},
  "resources": [
    {
      "mode": "managed",
      "type": "aws_vpc",
      "name": "main_dev",
      "provider": "provider[\"registry.terraform.io/hashicorp/aws\"].dev",
      "instances": [
        {
          "schema_version": 1,
          "attributes": {
            "arn": "arn:aws:ec2:us-east-1:443370714870:vpc/vpc-01a546328f08bef2b",
            "assign_generated_ipv6_cidr_block": false,
            "cidr_block": "192.168.0.0/20",
            "default_network_acl_id": "acl-0f8ffb80e391e2202",
            "default_route_table_id": "rtb-058ffb25c8dc0a888",
            "default_security_group_id": "sg-0ad3f604170529fc2",
            "dhcp_options_id": "dopt-08103162adf865c05",
            "enable_dns_hostnames": false,
            "enable_dns_support": true,
            "enable_network_address_usage_metrics": false,
            "id": "vpc-01a546328f08bef2b",
            "instance_tenancy": "default",
            "ipv4_ipam_pool_id": null,
            "ipv4_netmask_length": null,
            "ipv6_association_id": "",
            "ipv6_cidr_block": "",
            "ipv6_cidr_block_network_border_group": "",
            "ipv6_ipam_pool_id": "",
            "ipv6_netmask_length": 0,
            "main_route_table_id": "rtb-058ffb25c8dc0a888",
            "owner_id": "443370714870",
            "tags": {
              "Name": "vpc_dev",
              "dep": "hr",
              "env": "dev",
              "owner": "vishwa"
            },
            "tags_all": {
              "Name": "vpc_dev",
              "dep": "hr",
              "env": "dev",
              "owner": "vishwa"
            }
          },
          "sensitive_attributes": [],
          "private": "eyJzY2hlbWFfdmVyc2lvbiI6IjEifQ=="
        }
      ]
    }
  ],
  "check_results": null
}
