{
  "version": 4,
  "terraform_version": "1.9.2",
  "serial": 6,
  "lineage": "452e60e3-a1ce-beb3-4f81-69989521d5bf",
  "outputs": {},
  "resources": [
    {
      "mode": "managed",
      "type": "aws_vpc",
      "name": "main_dev",
      "provider": "provider[\"registry.terraform.io/hashicorp/aws\"].dev",
      "instances": [
        {
          "schema_version": 1,
          "attributes": {
            "arn": "arn:aws:ec2:us-east-1:014498623516:vpc/vpc-0d9c09477e0fcb945",
            "assign_generated_ipv6_cidr_block": false,
            "cidr_block": "192.168.16.0/20",
            "default_network_acl_id": "acl-01e10d8ae25cdb5ed",
            "default_route_table_id": "rtb-0fd662d453d78bd35",
            "default_security_group_id": "sg-07ed15ee3c97cfec1",
            "dhcp_options_id": "dopt-020f1f95f9ba3cc67",
            "enable_dns_hostnames": false,
            "enable_dns_support": true,
            "enable_network_address_usage_metrics": false,
            "id": "vpc-0d9c09477e0fcb945",
            "instance_tenancy": "default",
            "ipv4_ipam_pool_id": null,
            "ipv4_netmask_length": null,
            "ipv6_association_id": "",
            "ipv6_cidr_block": "",
            "ipv6_cidr_block_network_border_group": "",
            "ipv6_ipam_pool_id": "",
            "ipv6_netmask_length": 0,
            "main_route_table_id": "rtb-0fd662d453d78bd35",
            "owner_id": "014498623516",
            "tags": {
              "Name": "vpc_uat",
              "dep": "hr",
              "env": "test",
              "owner": "vishwa"
            },
            "tags_all": {
              "Name": "vpc_uat",
              "dep": "hr",
              "env": "test",
              "owner": "vishwa"
            }
          },
          "sensitive_attributes": [],
          "private": "eyJzY2hlbWFfdmVyc2lvbiI6IjEifQ=="
        }
      ]
    }
  ],
  "check_results": [
    {
      "object_kind": "var",
      "config_addr": "var.env",
      "status": "pass",
      "objects": [
        {
          "object_addr": "var.env",
          "status": "pass"
        }
      ]
    },
    {
      "object_kind": "var",
      "config_addr": "var.location",
      "status": "pass",
      "objects": [
        {
          "object_addr": "var.location",
          "status": "pass"
        }
      ]
    }
  ]
}
