{
  "version": 4,
  "terraform_version": "1.9.2",
  "serial": 3,
  "lineage": "519fd2ec-7b60-840d-0aa5-dc36105e73b8",
  "outputs": {},
  "resources": [
    {
      "mode": "managed",
      "type": "aws_vpc",
      "name": "main_dev",
      "provider": "provider[\"registry.terraform.io/hashicorp/aws\"].dev",
      "instances": [
        {
          "schema_version": 1,
          "attributes": {
            "arn": "arn:aws:ec2:us-east-1:014498623516:vpc/vpc-0e039c0b0076fa604",
            "assign_generated_ipv6_cidr_block": false,
            "cidr_block": "192.168.0.0/20",
            "default_network_acl_id": "acl-0a969fb1905be928e",
            "default_route_table_id": "rtb-04202a0200f01586c",
            "default_security_group_id": "sg-0b68542fefe0cf61f",
            "dhcp_options_id": "dopt-020f1f95f9ba3cc67",
            "enable_dns_hostnames": false,
            "enable_dns_support": true,
            "enable_network_address_usage_metrics": false,
            "id": "vpc-0e039c0b0076fa604",
            "instance_tenancy": "default",
            "ipv4_ipam_pool_id": null,
            "ipv4_netmask_length": null,
            "ipv6_association_id": "",
            "ipv6_cidr_block": "",
            "ipv6_cidr_block_network_border_group": "",
            "ipv6_ipam_pool_id": "",
            "ipv6_netmask_length": 0,
            "main_route_table_id": "rtb-04202a0200f01586c",
            "owner_id": "014498623516",
            "tags": {
              "Name": "vpc_dev",
              "dep": "hr",
              "env": "dev",
              "owner": "vishwa"
            },
            "tags_all": {
              "Name": "vpc_dev",
              "dep": "hr",
              "env": "dev",
              "owner": "vishwa"
            }
          },
          "sensitive_attributes": [],
          "private": "eyJzY2hlbWFfdmVyc2lvbiI6IjEifQ=="
        }
      ]
    }
  ],
  "check_results": [
    {
      "object_kind": "var",
      "config_addr": "var.env",
      "status": "pass",
      "objects": [
        {
          "object_addr": "var.env",
          "status": "pass"
        }
      ]
    },
    {
      "object_kind": "var",
      "config_addr": "var.location",
      "status": "pass",
      "objects": [
        {
          "object_addr": "var.location",
          "status": "pass"
        }
      ]
    }
  ]
}
