{
  "version": 4,
  "terraform_version": "1.9.2",
  "serial": 28,
  "lineage": "6c93ae3d-e981-9ee5-4d86-bc969afc9cb2",
  "outputs": {},
  "resources": [
    {
      "mode": "managed",
      "type": "aws_vpc",
      "name": "main_dev",
      "provider": "provider[\"registry.terraform.io/hashicorp/aws\"].dev",
      "instances": [
        {
          "schema_version": 1,
          "attributes": {
            "arn": "arn:aws:ec2:us-east-1:014498623516:vpc/vpc-04e8c341ca77eca86",
            "assign_generated_ipv6_cidr_block": false,
            "cidr_block": "192.168.0.0/20",
            "default_network_acl_id": "acl-00139e76ee6f7e9ad",
            "default_route_table_id": "rtb-077833fabcd858d37",
            "default_security_group_id": "sg-04d8088c5a701e510",
            "dhcp_options_id": "dopt-020f1f95f9ba3cc67",
            "enable_dns_hostnames": false,
            "enable_dns_support": true,
            "enable_network_address_usage_metrics": false,
            "id": "vpc-04e8c341ca77eca86",
            "instance_tenancy": "default",
            "ipv4_ipam_pool_id": null,
            "ipv4_netmask_length": null,
            "ipv6_association_id": "",
            "ipv6_cidr_block": "",
            "ipv6_cidr_block_network_border_group": "",
            "ipv6_ipam_pool_id": "",
            "ipv6_netmask_length": 0,
            "main_route_table_id": "rtb-077833fabcd858d37",
            "owner_id": "014498623516",
            "tags": {
              "Name": "vpc_dev",
              "dep": "hr",
              "env": "dev",
              "owner": "vishwa"
            },
            "tags_all": {
              "Name": "vpc_dev",
              "dep": "hr",
              "env": "dev",
              "owner": "vishwa"
            }
          },
          "sensitive_attributes": [],
          "private": "eyJzY2hlbWFfdmVyc2lvbiI6IjEifQ=="
        }
      ]
    },
    {
      "mode": "managed",
      "type": "aws_vpc",
      "name": "main_prod",
      "provider": "provider[\"registry.terraform.io/hashicorp/aws\"].prod",
      "instances": [
        {
          "schema_version": 1,
          "attributes": {
            "arn": "arn:aws:ec2:us-east-1:014498623516:vpc/vpc-02e82df2cd55c0cd9",
            "assign_generated_ipv6_cidr_block": false,
            "cidr_block": "192.168.0.0/20",
            "default_network_acl_id": "acl-083b7f42e91d03aac",
            "default_route_table_id": "rtb-0a93d1cbcac2f0112",
            "default_security_group_id": "sg-04708af714e0054bd",
            "dhcp_options_id": "dopt-020f1f95f9ba3cc67",
            "enable_dns_hostnames": false,
            "enable_dns_support": true,
            "enable_network_address_usage_metrics": false,
            "id": "vpc-02e82df2cd55c0cd9",
            "instance_tenancy": "default",
            "ipv4_ipam_pool_id": null,
            "ipv4_netmask_length": null,
            "ipv6_association_id": "",
            "ipv6_cidr_block": "",
            "ipv6_cidr_block_network_border_group": "",
            "ipv6_ipam_pool_id": "",
            "ipv6_netmask_length": 0,
            "main_route_table_id": "rtb-0a93d1cbcac2f0112",
            "owner_id": "014498623516",
            "tags": {
              "Name": "vpc_prod",
              "dep": "hr",
              "env": "dev",
              "owner": "vishwa"
            },
            "tags_all": {
              "Name": "vpc_prod",
              "dep": "hr",
              "env": "dev",
              "owner": "vishwa"
            }
          },
          "sensitive_attributes": [],
          "private": "eyJzY2hlbWFfdmVyc2lvbiI6IjEifQ=="
        }
      ]
    },
    {
      "mode": "managed",
      "type": "aws_vpc_ipv4_cidr_block_association",
      "name": "secondary_cidr",
      "provider": "provider[\"registry.terraform.io/hashicorp/aws\"].dev",
      "instances": [
        {
          "schema_version": 0,
          "attributes": {
            "cidr_block": "192.168.16.0/20",
            "id": "vpc-cidr-assoc-049148598de7a2c2e",
            "ipv4_ipam_pool_id": null,
            "ipv4_netmask_length": null,
            "timeouts": null,
            "vpc_id": "vpc-04e8c341ca77eca86"
          },
          "sensitive_attributes": [],
          "private": "eyJlMmJmYjczMC1lY2FhLTExZTYtOGY4OC0zNDM2M2JjN2M0YzAiOnsiY3JlYXRlIjo2MDAwMDAwMDAwMDAsImRlbGV0ZSI6NjAwMDAwMDAwMDAwfX0=",
          "dependencies": [
            "aws_vpc.main_dev"
          ]
        }
      ]
    },
    {
      "mode": "managed",
      "type": "azurerm_resource_group",
      "name": "rg01-1",
      "provider": "provider[\"registry.terraform.io/hashicorp/azurerm\"].dr",
      "instances": [
        {
          "schema_version": 0,
          "attributes": {
            "id": "/subscriptions/1a919fdc-d602-4552-9b1c-87d4616e261a/resourceGroups/vnet01",
            "location": "eastus",
            "managed_by": "",
            "name": "vnet01",
            "tags": null,
            "timeouts": null
          },
          "sensitive_attributes": [],
          "private": "eyJlMmJmYjczMC1lY2FhLTExZTYtOGY4OC0zNDM2M2JjN2M0YzAiOnsiY3JlYXRlIjo1NDAwMDAwMDAwMDAwLCJkZWxldGUiOjU0MDAwMDAwMDAwMDAsInJlYWQiOjMwMDAwMDAwMDAwMCwidXBkYXRlIjo1NDAwMDAwMDAwMDAwfX0="
        }
      ]
    },
    {
      "mode": "managed",
      "type": "azurerm_virtual_network",
      "name": "name",
      "provider": "provider[\"registry.terraform.io/hashicorp/azurerm\"].dr",
      "instances": [
        {
          "schema_version": 0,
          "attributes": {
            "address_space": [
              "10.10.0.0/16",
              "10.20.0.0/16",
              "172.18.0.0/16"
            ],
            "bgp_community": "",
            "ddos_protection_plan": [],
            "dns_servers": [],
            "edge_zone": "",
            "encryption": [],
            "flow_timeout_in_minutes": 0,
            "guid": "bea37534-0348-40ea-97ef-a615dfb087a5",
            "id": "/subscriptions/1a919fdc-d602-4552-9b1c-87d4616e261a/resourceGroups/vnet01/providers/Microsoft.Network/virtualNetworks/vnet01",
            "location": "eastus",
            "name": "vnet01",
            "resource_group_name": "vnet01",
            "subnet": [],
            "tags": null,
            "timeouts": null
          },
          "sensitive_attributes": [],
          "private": "eyJlMmJmYjczMC1lY2FhLTExZTYtOGY4OC0zNDM2M2JjN2M0YzAiOnsiY3JlYXRlIjoxODAwMDAwMDAwMDAwLCJkZWxldGUiOjE4MDAwMDAwMDAwMDAsInJlYWQiOjMwMDAwMDAwMDAwMCwidXBkYXRlIjoxODAwMDAwMDAwMDAwfX0=",
          "dependencies": [
            "azurerm_resource_group.rg01-1"
          ]
        }
      ]
    }
  ],
  "check_results": [
    {
      "object_kind": "var",
      "config_addr": "var.env",
      "status": "pass",
      "objects": [
        {
          "object_addr": "var.env",
          "status": "pass"
        }
      ]
    },
    {
      "object_kind": "var",
      "config_addr": "var.location",
      "status": "pass",
      "objects": [
        {
          "object_addr": "var.location",
          "status": "pass"
        }
      ]
    }
  ]
}
